
Microsoft Visual Studio Solution File, Format Version 12.00
# Visual Studio Version 17
VisualStudioVersion = 17.10.34607.79
MinimumVisualStudioVersion = 10.0.40219.1
Project("{2150E333-8FDC-42A3-9474-1A3956D46DE8}") = "src", "src", "{94100F78-8FEA-48C1-8761-7B3544DF3442}"
EndProject
Project("{9A19103F-16F7-4668-BE54-9A1E7A4F7556}") = "Thor.Service", "src\Thor.Service\Thor.Service.csproj", "{E1976CAC-5671-4F43-87A7-5DC5C84BD6BE}"
EndProject
Project("{9A19103F-16F7-4668-BE54-9A1E7A4F7556}") = "Thor.Abstractions", "src\Thor.Abstractions\Thor.Abstractions.csproj", "{D8DA9EDC-0DFE-4978-A7DE-4C9C60E2DA25}"
EndProject
Project("{2150E333-8FDC-42A3-9474-1A3956D46DE8}") = "extensions", "extensions", "{294B7A34-48F5-43AB-A1D3-033480559E3A}"
EndProject
Project("{9A19103F-16F7-4668-BE54-9A1E7A4F7556}") = "Thor.SparkDesk", "src\extensions\Thor.SparkDesk\Thor.SparkDesk.csproj", "{FD45E68A-6F8B-4F69-A060-1A49106D8435}"
EndProject
Project("{2150E333-8FDC-42A3-9474-1A3956D46DE8}") = "solution items", "solution items", "{EEBDD217-8C26-4A0D-9412-59DE84FD16DF}"
	ProjectSection(SolutionItems) = preProject
		.gitignore = .gitignore
		Directory.Build.props = Directory.Build.props
		docker-compose-rabbitmq.yml = docker-compose-rabbitmq.yml
		docker-compose.yml = docker-compose.yml
		README.md = README.md
		migrations.bat = migrations.bat
	EndProjectSection
EndProject
Project("{9A19103F-16F7-4668-BE54-9A1E7A4F7556}") = "Thor.OpenAI", "src\extensions\Thor.OpenAI\Thor.OpenAI.csproj", "{F0FB17C9-8355-44C6-8340-066BE93694D8}"
EndProject
Project("{9A19103F-16F7-4668-BE54-9A1E7A4F7556}") = "Thor.MetaGLM", "src\extensions\Thor.MetaGLM\Thor.MetaGLM.csproj", "{77CB4305-7EB2-4CD9-BB97-00A5FC29B97F}"
EndProject
Project("{9A19103F-16F7-4668-BE54-9A1E7A4F7556}") = "Thor.Claude", "src\extensions\Thor.Claude\Thor.Claude.csproj", "{9D365565-CDA2-4D27-87D6-439E106A64B8}"
EndProject
Project("{9A19103F-16F7-4668-BE54-9A1E7A4F7556}") = "Thor.Qiansail", "src\extensions\Thor.Qiansail\Thor.Qiansail.csproj", "{48FD7CDD-A777-42F8-9A14-33DA28469819}"
EndProject
Project("{9A19103F-16F7-4668-BE54-9A1E7A4F7556}") = "Thor.Ollama", "src\extensions\Thor.Ollama\Thor.Ollama.csproj", "{01903FE0-9C98-4BB2-9948-25D3F5B4FF24}"
EndProject
Project("{9A19103F-16F7-4668-BE54-9A1E7A4F7556}") = "Thor.AzureOpenAI", "src\extensions\Thor.AzureOpenAI\Thor.AzureOpenAI.csproj", "{EC93981A-45E5-44A2-8DA9-BD779B02349D}"
EndProject
Project("{9A19103F-16F7-4668-BE54-9A1E7A4F7556}") = "Thor.Hunyuan", "src\extensions\Thor.Hunyuan\Thor.Hunyuan.csproj", "{20D19A83-ED2A-4C30-BC36-325581BF2CDB}"
EndProject
Project("{9A19103F-16F7-4668-BE54-9A1E7A4F7556}") = "Thor.ErnieBot", "src\extensions\Thor.ErnieBot\Thor.ErnieBot.csproj", "{8D97B5C6-C1C4-4485-83CC-C16B07E42409}"
EndProject
Project("{2150E333-8FDC-42A3-9474-1A3956D46DE8}") = "framework", "framework", "{1035B36B-8194-43D4-8A4A-992D962CD1D8}"
EndProject
Project("{9A19103F-16F7-4668-BE54-9A1E7A4F7556}") = "Thor.BuildingBlocks.Event", "src\framework\Thor.BuildingBlocks.Event\Thor.BuildingBlocks.Event.csproj", "{9E348CF3-4B3D-4FF7-BD95-56D01D189A35}"
EndProject
Project("{9A19103F-16F7-4668-BE54-9A1E7A4F7556}") = "Thor.LocalEvent", "src\framework\Thor.LocalEvent\Thor.LocalEvent.csproj", "{943C8852-BC2B-4F72-8A1A-61AA86BE0CAD}"
EndProject
Project("{9A19103F-16F7-4668-BE54-9A1E7A4F7556}") = "Thor.BuildingBlocks.Cache", "src\framework\Thor.BuildingBlocks.Cache\Thor.BuildingBlocks.Cache.csproj", "{F78FCCB8-19E6-43E9-91EB-765257722DD5}"
EndProject
Project("{9A19103F-16F7-4668-BE54-9A1E7A4F7556}") = "Thor.LocalMemory.Cache", "src\framework\Thor.LocalMemory.Cache\Thor.LocalMemory.Cache.csproj", "{42402B28-DDC4-4294-A444-6D8B3C43B934}"
EndProject
Project("{9A19103F-16F7-4668-BE54-9A1E7A4F7556}") = "Thor.RedisMemory.Cache", "src\framework\Thor.RedisMemory.Cache\Thor.RedisMemory.Cache.csproj", "{84C27CF3-BD3C-46D6-A774-967DB5D3F060}"
EndProject
Project("{9A19103F-16F7-4668-BE54-9A1E7A4F7556}") = "Thor.Moonshot", "src\extensions\Thor.Moonshot\Thor.Moonshot.csproj", "{4D98C74B-D071-430C-9956-3A9B8CF642DD}"
EndProject
Project("{9A19103F-16F7-4668-BE54-9A1E7A4F7556}") = "Thor.RabbitMQEvent", "src\framework\Thor.RabbitMQEvent\Thor.RabbitMQEvent.csproj", "{C1F516B3-E06A-4F2A-8465-FC3D8C7645D3}"
EndProject
Project("{9A19103F-16F7-4668-BE54-9A1E7A4F7556}") = "Thor.GiteeAI", "src\extensions\Thor.GiteeAI\Thor.GiteeAI.csproj", "{F56E56A9-83DB-4585-BA26-492E8E6EF4C9}"
EndProject
Project("{9A19103F-16F7-4668-BE54-9A1E7A4F7556}") = "Thor.Domain", "src\Thor.Domain\Thor.Domain.csproj", "{29280BF8-A1BE-4737-B844-1139FD66DE03}"
EndProject
Project("{9A19103F-16F7-4668-BE54-9A1E7A4F7556}") = "Thor.Domain.Shared", "src\Thor.Domain.Shared\Thor.Domain.Shared.csproj", "{E6E3AA08-00C6-4F10-B6CD-D721336F1CFD}"
EndProject
Project("{9A19103F-16F7-4668-BE54-9A1E7A4F7556}") = "Thor.Infrastructure", "src\Thor.Infrastructure\Thor.Infrastructure.csproj", "{B133C3A5-459A-4A55-B437-AD731DF00DAA}"
EndProject
Project("{9A19103F-16F7-4668-BE54-9A1E7A4F7556}") = "Thor.Core", "src\Thor.Core\Thor.Core.csproj", "{B2E3C1CF-A69B-47F7-8649-46BBFB2C56FE}"
EndProject
Project("{2150E333-8FDC-42A3-9474-1A3956D46DE8}") = "Provider", "Provider", "{C64DA1C5-9D96-445C-B537-6B83C07F2E47}"
EndProject
Project("{9A19103F-16F7-4668-BE54-9A1E7A4F7556}") = "Thor.Provider.Sqlite", "src\Provider\Thor.Provider.Sqlite\Thor.Provider.Sqlite.csproj", "{BC1B9140-404D-43C5-B231-99656BF8DB0D}"
EndProject
Project("{9A19103F-16F7-4668-BE54-9A1E7A4F7556}") = "Thor.Provider.PostgreSQL", "src\Provider\Thor.Provider.PostgreSQL\Thor.Provider.PostgreSQL.csproj", "{646ACAC6-C6ED-445A-87C8-1C639B709E8E}"
EndProject
Project("{9A19103F-16F7-4668-BE54-9A1E7A4F7556}") = "Thor.Provider.SqlServer", "src\Provider\Thor.Provider.SqlServer\Thor.Provider.SqlServer.csproj", "{289E03C7-090B-4788-8760-607C54A73756}"
EndProject
Project("{9A19103F-16F7-4668-BE54-9A1E7A4F7556}") = "Thor.Provider.MySql", "src\Provider\Thor.Provider.MySql\Thor.Provider.MySql.csproj", "{AB03676F-C10C-4633-9D5B-5858CF96B16A}"
EndProject
Project("{9A19103F-16F7-4668-BE54-9A1E7A4F7556}") = "Thor.Provider.DM", "src\Provider\Thor.Provider.DM\Thor.Provider.DM.csproj", "{9C731BC5-C473-4113-9001-5322364B9706}"
EndProject
Project("{9A19103F-16F7-4668-BE54-9A1E7A4F7556}") = "Thor.Rabbit", "src\framework\Thor.Stack.Rabbit\Thor.Rabbit.csproj", "{58C7FCA8-BC91-4066-885B-48EDE51C6192}"
EndProject
Project("{FAE04EC0-301F-11D3-BF4B-00C04F79EFBC}") = "Thor.AWSClaude", "src\extensions\Thor.AWSClaude\Thor.AWSClaude.csproj", "{0B7F5A3F-99BB-4385-864A-9FCE1D5CAF5A}"
EndProject
Project("{FAE04EC0-301F-11D3-BF4B-00C04F79EFBC}") = "Thor.AppHost", "src\Thor.AppHost\Thor.AppHost.csproj", "{5342E72B-E609-42B3-85E7-89FA9B32CF9B}"
EndProject
Project("{FAE04EC0-301F-11D3-BF4B-00C04F79EFBC}") = "Thor.ServiceDefaults", "src\Thor.ServiceDefaults\Thor.ServiceDefaults.csproj", "{F87B1D2A-83BE-29E8-DBA4-631497B6EB9C}"
EndProject
Project("{FAE04EC0-301F-11D3-BF4B-00C04F79EFBC}") = "Thor.MiniMax", "src\extensions\Thor.MiniMax\Thor.MiniMax.csproj", "{F4B508BD-C8C4-4502-A3CC-1A0D6B220BC7}"
EndProject
Project("{FAE04EC0-301F-11D3-BF4B-00C04F79EFBC}") = "Thor.SiliconFlow", "src\extensions\Thor.SiliconFlow\Thor.SiliconFlow.csproj", "{B0314829-D762-4DEE-A5ED-59384E7D8B80}"
EndProject
Project("{FAE04EC0-301F-11D3-BF4B-00C04F79EFBC}") = "Thor.DeepSeek", "src\extensions\Thor.DeepSeek\Thor.DeepSeek.csproj", "{30D42224-8BC3-4CA8-81DC-349B59595A6B}"
EndProject
Project("{FAE04EC0-301F-11D3-BF4B-00C04F79EFBC}") = "Thor.VolCenGine", "src\extensions\Thor.VolCenGine\Thor.VolCenGine.csproj", "{65B6C566-F252-499B-BF17-77C53537F766}"
EndProject
Global
	GlobalSection(SolutionConfigurationPlatforms) = preSolution
		Debug|Any CPU = Debug|Any CPU
		Release|Any CPU = Release|Any CPU
	EndGlobalSection
	GlobalSection(ProjectConfigurationPlatforms) = postSolution
		{E1976CAC-5671-4F43-87A7-5DC5C84BD6BE}.Debug|Any CPU.ActiveCfg = Debug|Any CPU
		{E1976CAC-5671-4F43-87A7-5DC5C84BD6BE}.Debug|Any CPU.Build.0 = Debug|Any CPU
		{E1976CAC-5671-4F43-87A7-5DC5C84BD6BE}.Release|Any CPU.ActiveCfg = Release|Any CPU
		{E1976CAC-5671-4F43-87A7-5DC5C84BD6BE}.Release|Any CPU.Build.0 = Release|Any CPU
		{D8DA9EDC-0DFE-4978-A7DE-4C9C60E2DA25}.Debug|Any CPU.ActiveCfg = Debug|Any CPU
		{D8DA9EDC-0DFE-4978-A7DE-4C9C60E2DA25}.Debug|Any CPU.Build.0 = Debug|Any CPU
		{D8DA9EDC-0DFE-4978-A7DE-4C9C60E2DA25}.Release|Any CPU.ActiveCfg = Release|Any CPU
		{D8DA9EDC-0DFE-4978-A7DE-4C9C60E2DA25}.Release|Any CPU.Build.0 = Release|Any CPU
		{FD45E68A-6F8B-4F69-A060-1A49106D8435}.Debug|Any CPU.ActiveCfg = Debug|Any CPU
		{FD45E68A-6F8B-4F69-A060-1A49106D8435}.Debug|Any CPU.Build.0 = Debug|Any CPU
		{FD45E68A-6F8B-4F69-A060-1A49106D8435}.Release|Any CPU.ActiveCfg = Release|Any CPU
		{FD45E68A-6F8B-4F69-A060-1A49106D8435}.Release|Any CPU.Build.0 = Release|Any CPU
		{F0FB17C9-8355-44C6-8340-066BE93694D8}.Debug|Any CPU.ActiveCfg = Debug|Any CPU
		{F0FB17C9-8355-44C6-8340-066BE93694D8}.Debug|Any CPU.Build.0 = Debug|Any CPU
		{F0FB17C9-8355-44C6-8340-066BE93694D8}.Release|Any CPU.ActiveCfg = Release|Any CPU
		{F0FB17C9-8355-44C6-8340-066BE93694D8}.Release|Any CPU.Build.0 = Release|Any CPU
		{77CB4305-7EB2-4CD9-BB97-00A5FC29B97F}.Debug|Any CPU.ActiveCfg = Debug|Any CPU
		{77CB4305-7EB2-4CD9-BB97-00A5FC29B97F}.Debug|Any CPU.Build.0 = Debug|Any CPU
		{77CB4305-7EB2-4CD9-BB97-00A5FC29B97F}.Release|Any CPU.ActiveCfg = Release|Any CPU
		{77CB4305-7EB2-4CD9-BB97-00A5FC29B97F}.Release|Any CPU.Build.0 = Release|Any CPU
		{9D365565-CDA2-4D27-87D6-439E106A64B8}.Debug|Any CPU.ActiveCfg = Debug|Any CPU
		{9D365565-CDA2-4D27-87D6-439E106A64B8}.Debug|Any CPU.Build.0 = Debug|Any CPU
		{9D365565-CDA2-4D27-87D6-439E106A64B8}.Release|Any CPU.ActiveCfg = Release|Any CPU
		{9D365565-CDA2-4D27-87D6-439E106A64B8}.Release|Any CPU.Build.0 = Release|Any CPU
		{48FD7CDD-A777-42F8-9A14-33DA28469819}.Debug|Any CPU.ActiveCfg = Debug|Any CPU
		{48FD7CDD-A777-42F8-9A14-33DA28469819}.Debug|Any CPU.Build.0 = Debug|Any CPU
		{48FD7CDD-A777-42F8-9A14-33DA28469819}.Release|Any CPU.ActiveCfg = Release|Any CPU
		{48FD7CDD-A777-42F8-9A14-33DA28469819}.Release|Any CPU.Build.0 = Release|Any CPU
		{01903FE0-9C98-4BB2-9948-25D3F5B4FF24}.Debug|Any CPU.ActiveCfg = Debug|Any CPU
		{01903FE0-9C98-4BB2-9948-25D3F5B4FF24}.Debug|Any CPU.Build.0 = Debug|Any CPU
		{01903FE0-9C98-4BB2-9948-25D3F5B4FF24}.Release|Any CPU.ActiveCfg = Release|Any CPU
		{01903FE0-9C98-4BB2-9948-25D3F5B4FF24}.Release|Any CPU.Build.0 = Release|Any CPU
		{EC93981A-45E5-44A2-8DA9-BD779B02349D}.Debug|Any CPU.ActiveCfg = Debug|Any CPU
		{EC93981A-45E5-44A2-8DA9-BD779B02349D}.Debug|Any CPU.Build.0 = Debug|Any CPU
		{EC93981A-45E5-44A2-8DA9-BD779B02349D}.Release|Any CPU.ActiveCfg = Release|Any CPU
		{EC93981A-45E5-44A2-8DA9-BD779B02349D}.Release|Any CPU.Build.0 = Release|Any CPU
		{20D19A83-ED2A-4C30-BC36-325581BF2CDB}.Debug|Any CPU.ActiveCfg = Debug|Any CPU
		{20D19A83-ED2A-4C30-BC36-325581BF2CDB}.Debug|Any CPU.Build.0 = Debug|Any CPU
		{20D19A83-ED2A-4C30-BC36-325581BF2CDB}.Release|Any CPU.ActiveCfg = Release|Any CPU
		{20D19A83-ED2A-4C30-BC36-325581BF2CDB}.Release|Any CPU.Build.0 = Release|Any CPU
		{8D97B5C6-C1C4-4485-83CC-C16B07E42409}.Debug|Any CPU.ActiveCfg = Debug|Any CPU
		{8D97B5C6-C1C4-4485-83CC-C16B07E42409}.Debug|Any CPU.Build.0 = Debug|Any CPU
		{8D97B5C6-C1C4-4485-83CC-C16B07E42409}.Release|Any CPU.ActiveCfg = Release|Any CPU
		{8D97B5C6-C1C4-4485-83CC-C16B07E42409}.Release|Any CPU.Build.0 = Release|Any CPU
		{9E348CF3-4B3D-4FF7-BD95-56D01D189A35}.Debug|Any CPU.ActiveCfg = Debug|Any CPU
		{9E348CF3-4B3D-4FF7-BD95-56D01D189A35}.Debug|Any CPU.Build.0 = Debug|Any CPU
		{9E348CF3-4B3D-4FF7-BD95-56D01D189A35}.Release|Any CPU.ActiveCfg = Release|Any CPU
		{9E348CF3-4B3D-4FF7-BD95-56D01D189A35}.Release|Any CPU.Build.0 = Release|Any CPU
		{943C8852-BC2B-4F72-8A1A-61AA86BE0CAD}.Debug|Any CPU.ActiveCfg = Debug|Any CPU
		{943C8852-BC2B-4F72-8A1A-61AA86BE0CAD}.Debug|Any CPU.Build.0 = Debug|Any CPU
		{943C8852-BC2B-4F72-8A1A-61AA86BE0CAD}.Release|Any CPU.ActiveCfg = Release|Any CPU
		{943C8852-BC2B-4F72-8A1A-61AA86BE0CAD}.Release|Any CPU.Build.0 = Release|Any CPU
		{F78FCCB8-19E6-43E9-91EB-765257722DD5}.Debug|Any CPU.ActiveCfg = Debug|Any CPU
		{F78FCCB8-19E6-43E9-91EB-765257722DD5}.Debug|Any CPU.Build.0 = Debug|Any CPU
		{F78FCCB8-19E6-43E9-91EB-765257722DD5}.Release|Any CPU.ActiveCfg = Release|Any CPU
		{F78FCCB8-19E6-43E9-91EB-765257722DD5}.Release|Any CPU.Build.0 = Release|Any CPU
		{42402B28-DDC4-4294-A444-6D8B3C43B934}.Debug|Any CPU.ActiveCfg = Debug|Any CPU
		{42402B28-DDC4-4294-A444-6D8B3C43B934}.Debug|Any CPU.Build.0 = Debug|Any CPU
		{42402B28-DDC4-4294-A444-6D8B3C43B934}.Release|Any CPU.ActiveCfg = Release|Any CPU
		{42402B28-DDC4-4294-A444-6D8B3C43B934}.Release|Any CPU.Build.0 = Release|Any CPU
		{84C27CF3-BD3C-46D6-A774-967DB5D3F060}.Debug|Any CPU.ActiveCfg = Debug|Any CPU
		{84C27CF3-BD3C-46D6-A774-967DB5D3F060}.Debug|Any CPU.Build.0 = Debug|Any CPU
		{84C27CF3-BD3C-46D6-A774-967DB5D3F060}.Release|Any CPU.ActiveCfg = Release|Any CPU
		{84C27CF3-BD3C-46D6-A774-967DB5D3F060}.Release|Any CPU.Build.0 = Release|Any CPU
		{4D98C74B-D071-430C-9956-3A9B8CF642DD}.Debug|Any CPU.ActiveCfg = Debug|Any CPU
		{4D98C74B-D071-430C-9956-3A9B8CF642DD}.Debug|Any CPU.Build.0 = Debug|Any CPU
		{4D98C74B-D071-430C-9956-3A9B8CF642DD}.Release|Any CPU.ActiveCfg = Release|Any CPU
		{4D98C74B-D071-430C-9956-3A9B8CF642DD}.Release|Any CPU.Build.0 = Release|Any CPU
		{C1F516B3-E06A-4F2A-8465-FC3D8C7645D3}.Debug|Any CPU.ActiveCfg = Debug|Any CPU
		{C1F516B3-E06A-4F2A-8465-FC3D8C7645D3}.Debug|Any CPU.Build.0 = Debug|Any CPU
		{C1F516B3-E06A-4F2A-8465-FC3D8C7645D3}.Release|Any CPU.ActiveCfg = Release|Any CPU
		{C1F516B3-E06A-4F2A-8465-FC3D8C7645D3}.Release|Any CPU.Build.0 = Release|Any CPU
		{F56E56A9-83DB-4585-BA26-492E8E6EF4C9}.Debug|Any CPU.ActiveCfg = Debug|Any CPU
		{F56E56A9-83DB-4585-BA26-492E8E6EF4C9}.Debug|Any CPU.Build.0 = Debug|Any CPU
		{F56E56A9-83DB-4585-BA26-492E8E6EF4C9}.Release|Any CPU.ActiveCfg = Release|Any CPU
		{F56E56A9-83DB-4585-BA26-492E8E6EF4C9}.Release|Any CPU.Build.0 = Release|Any CPU
		{29280BF8-A1BE-4737-B844-1139FD66DE03}.Debug|Any CPU.ActiveCfg = Debug|Any CPU
		{29280BF8-A1BE-4737-B844-1139FD66DE03}.Debug|Any CPU.Build.0 = Debug|Any CPU
		{29280BF8-A1BE-4737-B844-1139FD66DE03}.Release|Any CPU.ActiveCfg = Release|Any CPU
		{29280BF8-A1BE-4737-B844-1139FD66DE03}.Release|Any CPU.Build.0 = Release|Any CPU
		{E6E3AA08-00C6-4F10-B6CD-D721336F1CFD}.Debug|Any CPU.ActiveCfg = Debug|Any CPU
		{E6E3AA08-00C6-4F10-B6CD-D721336F1CFD}.Debug|Any CPU.Build.0 = Debug|Any CPU
		{E6E3AA08-00C6-4F10-B6CD-D721336F1CFD}.Release|Any CPU.ActiveCfg = Release|Any CPU
		{E6E3AA08-00C6-4F10-B6CD-D721336F1CFD}.Release|Any CPU.Build.0 = Release|Any CPU
		{B133C3A5-459A-4A55-B437-AD731DF00DAA}.Debug|Any CPU.ActiveCfg = Debug|Any CPU
		{B133C3A5-459A-4A55-B437-AD731DF00DAA}.Debug|Any CPU.Build.0 = Debug|Any CPU
		{B133C3A5-459A-4A55-B437-AD731DF00DAA}.Release|Any CPU.ActiveCfg = Release|Any CPU
		{B133C3A5-459A-4A55-B437-AD731DF00DAA}.Release|Any CPU.Build.0 = Release|Any CPU
		{B2E3C1CF-A69B-47F7-8649-46BBFB2C56FE}.Debug|Any CPU.ActiveCfg = Debug|Any CPU
		{B2E3C1CF-A69B-47F7-8649-46BBFB2C56FE}.Debug|Any CPU.Build.0 = Debug|Any CPU
		{B2E3C1CF-A69B-47F7-8649-46BBFB2C56FE}.Release|Any CPU.ActiveCfg = Release|Any CPU
		{B2E3C1CF-A69B-47F7-8649-46BBFB2C56FE}.Release|Any CPU.Build.0 = Release|Any CPU
		{BC1B9140-404D-43C5-B231-99656BF8DB0D}.Debug|Any CPU.ActiveCfg = Debug|Any CPU
		{BC1B9140-404D-43C5-B231-99656BF8DB0D}.Debug|Any CPU.Build.0 = Debug|Any CPU
		{BC1B9140-404D-43C5-B231-99656BF8DB0D}.Release|Any CPU.ActiveCfg = Release|Any CPU
		{BC1B9140-404D-43C5-B231-99656BF8DB0D}.Release|Any CPU.Build.0 = Release|Any CPU
		{646ACAC6-C6ED-445A-87C8-1C639B709E8E}.Debug|Any CPU.ActiveCfg = Debug|Any CPU
		{646ACAC6-C6ED-445A-87C8-1C639B709E8E}.Debug|Any CPU.Build.0 = Debug|Any CPU
		{646ACAC6-C6ED-445A-87C8-1C639B709E8E}.Release|Any CPU.ActiveCfg = Release|Any CPU
		{646ACAC6-C6ED-445A-87C8-1C639B709E8E}.Release|Any CPU.Build.0 = Release|Any CPU
		{289E03C7-090B-4788-8760-607C54A73756}.Debug|Any CPU.ActiveCfg = Debug|Any CPU
		{289E03C7-090B-4788-8760-607C54A73756}.Debug|Any CPU.Build.0 = Debug|Any CPU
		{289E03C7-090B-4788-8760-607C54A73756}.Release|Any CPU.ActiveCfg = Release|Any CPU
		{289E03C7-090B-4788-8760-607C54A73756}.Release|Any CPU.Build.0 = Release|Any CPU
		{AB03676F-C10C-4633-9D5B-5858CF96B16A}.Debug|Any CPU.ActiveCfg = Debug|Any CPU
		{AB03676F-C10C-4633-9D5B-5858CF96B16A}.Debug|Any CPU.Build.0 = Debug|Any CPU
		{AB03676F-C10C-4633-9D5B-5858CF96B16A}.Release|Any CPU.ActiveCfg = Release|Any CPU
		{AB03676F-C10C-4633-9D5B-5858CF96B16A}.Release|Any CPU.Build.0 = Release|Any CPU
		{9C731BC5-C473-4113-9001-5322364B9706}.Debug|Any CPU.ActiveCfg = Debug|Any CPU
		{9C731BC5-C473-4113-9001-5322364B9706}.Debug|Any CPU.Build.0 = Debug|Any CPU
		{9C731BC5-C473-4113-9001-5322364B9706}.Release|Any CPU.ActiveCfg = Release|Any CPU
		{9C731BC5-C473-4113-9001-5322364B9706}.Release|Any CPU.Build.0 = Release|Any CPU
		{58C7FCA8-BC91-4066-885B-48EDE51C6192}.Debug|Any CPU.ActiveCfg = Debug|Any CPU
		{58C7FCA8-BC91-4066-885B-48EDE51C6192}.Debug|Any CPU.Build.0 = Debug|Any CPU
		{58C7FCA8-BC91-4066-885B-48EDE51C6192}.Release|Any CPU.ActiveCfg = Release|Any CPU
		{58C7FCA8-BC91-4066-885B-48EDE51C6192}.Release|Any CPU.Build.0 = Release|Any CPU
		{0B7F5A3F-99BB-4385-864A-9FCE1D5CAF5A}.Debug|Any CPU.ActiveCfg = Debug|Any CPU
		{0B7F5A3F-99BB-4385-864A-9FCE1D5CAF5A}.Debug|Any CPU.Build.0 = Debug|Any CPU
		{0B7F5A3F-99BB-4385-864A-9FCE1D5CAF5A}.Release|Any CPU.ActiveCfg = Release|Any CPU
		{0B7F5A3F-99BB-4385-864A-9FCE1D5CAF5A}.Release|Any CPU.Build.0 = Release|Any CPU
		{5342E72B-E609-42B3-85E7-89FA9B32CF9B}.Debug|Any CPU.ActiveCfg = Debug|Any CPU
		{5342E72B-E609-42B3-85E7-89FA9B32CF9B}.Debug|Any CPU.Build.0 = Debug|Any CPU
		{5342E72B-E609-42B3-85E7-89FA9B32CF9B}.Release|Any CPU.ActiveCfg = Release|Any CPU
		{5342E72B-E609-42B3-85E7-89FA9B32CF9B}.Release|Any CPU.Build.0 = Release|Any CPU
		{F87B1D2A-83BE-29E8-DBA4-631497B6EB9C}.Debug|Any CPU.ActiveCfg = Debug|Any CPU
		{F87B1D2A-83BE-29E8-DBA4-631497B6EB9C}.Debug|Any CPU.Build.0 = Debug|Any CPU
		{F87B1D2A-83BE-29E8-DBA4-631497B6EB9C}.Release|Any CPU.ActiveCfg = Release|Any CPU
		{F87B1D2A-83BE-29E8-DBA4-631497B6EB9C}.Release|Any CPU.Build.0 = Release|Any CPU
		{F4B508BD-C8C4-4502-A3CC-1A0D6B220BC7}.Debug|Any CPU.ActiveCfg = Debug|Any CPU
		{F4B508BD-C8C4-4502-A3CC-1A0D6B220BC7}.Debug|Any CPU.Build.0 = Debug|Any CPU
		{F4B508BD-C8C4-4502-A3CC-1A0D6B220BC7}.Release|Any CPU.ActiveCfg = Release|Any CPU
		{F4B508BD-C8C4-4502-A3CC-1A0D6B220BC7}.Release|Any CPU.Build.0 = Release|Any CPU
		{B0314829-D762-4DEE-A5ED-59384E7D8B80}.Debug|Any CPU.ActiveCfg = Debug|Any CPU
		{B0314829-D762-4DEE-A5ED-59384E7D8B80}.Debug|Any CPU.Build.0 = Debug|Any CPU
		{B0314829-D762-4DEE-A5ED-59384E7D8B80}.Release|Any CPU.ActiveCfg = Release|Any CPU
		{B0314829-D762-4DEE-A5ED-59384E7D8B80}.Release|Any CPU.Build.0 = Release|Any CPU
		{30D42224-8BC3-4CA8-81DC-349B59595A6B}.Debug|Any CPU.ActiveCfg = Debug|Any CPU
		{30D42224-8BC3-4CA8-81DC-349B59595A6B}.Debug|Any CPU.Build.0 = Debug|Any CPU
		{30D42224-8BC3-4CA8-81DC-349B59595A6B}.Release|Any CPU.ActiveCfg = Release|Any CPU
		{30D42224-8BC3-4CA8-81DC-349B59595A6B}.Release|Any CPU.Build.0 = Release|Any CPU
		{65B6C566-F252-499B-BF17-77C53537F766}.Debug|Any CPU.ActiveCfg = Debug|Any CPU
		{65B6C566-F252-499B-BF17-77C53537F766}.Debug|Any CPU.Build.0 = Debug|Any CPU
		{65B6C566-F252-499B-BF17-77C53537F766}.Release|Any CPU.ActiveCfg = Release|Any CPU
		{65B6C566-F252-499B-BF17-77C53537F766}.Release|Any CPU.Build.0 = Release|Any CPU
	EndGlobalSection
	GlobalSection(SolutionProperties) = preSolution
		HideSolutionNode = FALSE
	EndGlobalSection
	GlobalSection(NestedProjects) = preSolution
		{E1976CAC-5671-4F43-87A7-5DC5C84BD6BE} = {94100F78-8FEA-48C1-8761-7B3544DF3442}
		{D8DA9EDC-0DFE-4978-A7DE-4C9C60E2DA25} = {94100F78-8FEA-48C1-8761-7B3544DF3442}
		{294B7A34-48F5-43AB-A1D3-033480559E3A} = {94100F78-8FEA-48C1-8761-7B3544DF3442}
		{FD45E68A-6F8B-4F69-A060-1A49106D8435} = {294B7A34-48F5-43AB-A1D3-033480559E3A}
		{F0FB17C9-8355-44C6-8340-066BE93694D8} = {294B7A34-48F5-43AB-A1D3-033480559E3A}
		{77CB4305-7EB2-4CD9-BB97-00A5FC29B97F} = {294B7A34-48F5-43AB-A1D3-033480559E3A}
		{9D365565-CDA2-4D27-87D6-439E106A64B8} = {294B7A34-48F5-43AB-A1D3-033480559E3A}
		{48FD7CDD-A777-42F8-9A14-33DA28469819} = {294B7A34-48F5-43AB-A1D3-033480559E3A}
		{01903FE0-9C98-4BB2-9948-25D3F5B4FF24} = {294B7A34-48F5-43AB-A1D3-033480559E3A}
		{EC93981A-45E5-44A2-8DA9-BD779B02349D} = {294B7A34-48F5-43AB-A1D3-033480559E3A}
		{20D19A83-ED2A-4C30-BC36-325581BF2CDB} = {294B7A34-48F5-43AB-A1D3-033480559E3A}
		{8D97B5C6-C1C4-4485-83CC-C16B07E42409} = {294B7A34-48F5-43AB-A1D3-033480559E3A}
		{1035B36B-8194-43D4-8A4A-992D962CD1D8} = {94100F78-8FEA-48C1-8761-7B3544DF3442}
		{9E348CF3-4B3D-4FF7-BD95-56D01D189A35} = {1035B36B-8194-43D4-8A4A-992D962CD1D8}
		{943C8852-BC2B-4F72-8A1A-61AA86BE0CAD} = {1035B36B-8194-43D4-8A4A-992D962CD1D8}
		{F78FCCB8-19E6-43E9-91EB-765257722DD5} = {1035B36B-8194-43D4-8A4A-992D962CD1D8}
		{42402B28-DDC4-4294-A444-6D8B3C43B934} = {1035B36B-8194-43D4-8A4A-992D962CD1D8}
		{84C27CF3-BD3C-46D6-A774-967DB5D3F060} = {1035B36B-8194-43D4-8A4A-992D962CD1D8}
		{4D98C74B-D071-430C-9956-3A9B8CF642DD} = {294B7A34-48F5-43AB-A1D3-033480559E3A}
		{C1F516B3-E06A-4F2A-8465-FC3D8C7645D3} = {1035B36B-8194-43D4-8A4A-992D962CD1D8}
		{F56E56A9-83DB-4585-BA26-492E8E6EF4C9} = {294B7A34-48F5-43AB-A1D3-033480559E3A}
		{29280BF8-A1BE-4737-B844-1139FD66DE03} = {94100F78-8FEA-48C1-8761-7B3544DF3442}
		{E6E3AA08-00C6-4F10-B6CD-D721336F1CFD} = {94100F78-8FEA-48C1-8761-7B3544DF3442}
		{B133C3A5-459A-4A55-B437-AD731DF00DAA} = {94100F78-8FEA-48C1-8761-7B3544DF3442}
		{B2E3C1CF-A69B-47F7-8649-46BBFB2C56FE} = {94100F78-8FEA-48C1-8761-7B3544DF3442}
		{C64DA1C5-9D96-445C-B537-6B83C07F2E47} = {94100F78-8FEA-48C1-8761-7B3544DF3442}
		{BC1B9140-404D-43C5-B231-99656BF8DB0D} = {C64DA1C5-9D96-445C-B537-6B83C07F2E47}
		{646ACAC6-C6ED-445A-87C8-1C639B709E8E} = {C64DA1C5-9D96-445C-B537-6B83C07F2E47}
		{289E03C7-090B-4788-8760-607C54A73756} = {C64DA1C5-9D96-445C-B537-6B83C07F2E47}
		{AB03676F-C10C-4633-9D5B-5858CF96B16A} = {C64DA1C5-9D96-445C-B537-6B83C07F2E47}
		{9C731BC5-C473-4113-9001-5322364B9706} = {C64DA1C5-9D96-445C-B537-6B83C07F2E47}
		{58C7FCA8-BC91-4066-885B-48EDE51C6192} = {1035B36B-8194-43D4-8A4A-992D962CD1D8}
		{0B7F5A3F-99BB-4385-864A-9FCE1D5CAF5A} = {294B7A34-48F5-43AB-A1D3-033480559E3A}
		{F4B508BD-C8C4-4502-A3CC-1A0D6B220BC7} = {294B7A34-48F5-43AB-A1D3-033480559E3A}
		{B0314829-D762-4DEE-A5ED-59384E7D8B80} = {294B7A34-48F5-43AB-A1D3-033480559E3A}
		{30D42224-8BC3-4CA8-81DC-349B59595A6B} = {294B7A34-48F5-43AB-A1D3-033480559E3A}
		{65B6C566-F252-499B-BF17-77C53537F766} = {294B7A34-48F5-43AB-A1D3-033480559E3A}
	EndGlobalSection
	GlobalSection(ExtensibilityGlobals) = postSolution
		SolutionGuid = {8A80931C-B951-4EF2-AC79-457E73118E5F}
	EndGlobalSection
EndGlobal
